// !$*UTF8*$!
{
	archiveVersion = 1;
	classes = {
	};
	objectVersion = 50;
	objects = {

/* Begin PBXBuildFile section */
		FA18D2D225AC564C004D0E67 /* PlayerViewController.swift in Sources */ = {isa = PBXBuildFile; fileRef = FA18D2D125AC564C004D0E67 /* PlayerViewController.swift */; };
		FA18D2D525AC5B40004D0E67 /* TimelineView.swift in Sources */ = {isa = PBXBuildFile; fileRef = FA18D2D425AC5B40004D0E67 /* TimelineView.swift */; };
		FA18D2DC25ACC13D004D0E67 /* PlayButton.swift in Sources */ = {isa = PBXBuildFile; fileRef = FA18D2DB25ACC13D004D0E67 /* PlayButton.swift */; };
		FA18D2DF25ACC26F004D0E67 /* AudioPlayer.swift in Sources */ = {isa = PBXBuildFile; fileRef = FA18D2DE25ACC26F004D0E67 /* AudioPlayer.swift */; };
		FA28617425ADEA72001D131F /* CustomSegmentedControl.swift in Sources */ = {isa = PBXBuildFile; fileRef = FA28617325ADEA72001D131F /* CustomSegmentedControl.swift */; };
		FA28617825ADEF1B001D131F /* SongTableViewCell.swift in Sources */ = {isa = PBXBuildFile; fileRef = FA28617625ADEF1B001D131F /* SongTableViewCell.swift */; };
		FA28617925ADEF1B001D131F /* SongTableViewCell.xib in Resources */ = {isa = PBXBuildFile; fileRef = FA28617725ADEF1B001D131F /* SongTableViewCell.xib */; };
		FA4B803E25B1833800A9ED9F /* MiniPlayerViewController.swift in Sources */ = {isa = PBXBuildFile; fileRef = FA4B803D25B1833800A9ED9F /* MiniPlayerViewController.swift */; };
		FA69970825ACC9B3007FD9D2 /* YoutubeLoader.xcdatamodeld in Sources */ = {isa = PBXBuildFile; fileRef = FA69970625ACC9B3007FD9D2 /* YoutubeLoader.xcdatamodeld */; };
		FA912A2A25AB3292001936F1 /* AppDelegate.swift in Sources */ = {isa = PBXBuildFile; fileRef = FA912A2925AB3292001936F1 /* AppDelegate.swift */; };
		FA912A2C25AB3292001936F1 /* SceneDelegate.swift in Sources */ = {isa = PBXBuildFile; fileRef = FA912A2B25AB3292001936F1 /* SceneDelegate.swift */; };
		FA912A2E25AB3292001936F1 /* ViewController.swift in Sources */ = {isa = PBXBuildFile; fileRef = FA912A2D25AB3292001936F1 /* ViewController.swift */; };
		FA912A3125AB3292001936F1 /* Main.storyboard in Resources */ = {isa = PBXBuildFile; fileRef = FA912A2F25AB3292001936F1 /* Main.storyboard */; };
		FA912A3325AB3295001936F1 /* Assets.xcassets in Resources */ = {isa = PBXBuildFile; fileRef = FA912A3225AB3295001936F1 /* Assets.xcassets */; };
		FA912A3625AB3295001936F1 /* LaunchScreen.storyboard in Resources */ = {isa = PBXBuildFile; fileRef = FA912A3425AB3295001936F1 /* LaunchScreen.storyboard */; };
		FAA6B8E925ADAD8800E3C4BF /* UIView+Extensions.swift in Sources */ = {isa = PBXBuildFile; fileRef = FAA6B8E825ADAD8800E3C4BF /* UIView+Extensions.swift */; };
		FAA88C5525B3281800DBA1F5 /* AddSong.storyboard in Resources */ = {isa = PBXBuildFile; fileRef = FAA88C5425B3281700DBA1F5 /* AddSong.storyboard */; };
		FABDBFA025B193730039B4B3 /* Player.storyboard in Resources */ = {isa = PBXBuildFile; fileRef = FABDBF9F25B193730039B4B3 /* Player.storyboard */; };
/* End PBXBuildFile section */

/* Begin PBXFileReference section */
		FA18D2D125AC564C004D0E67 /* PlayerViewController.swift */ = {isa = PBXFileReference; lastKnownFileType = sourcecode.swift; path = PlayerViewController.swift; sourceTree = "<group>"; };
		FA18D2D425AC5B40004D0E67 /* TimelineView.swift */ = {isa = PBXFileReference; lastKnownFileType = sourcecode.swift; path = TimelineView.swift; sourceTree = "<group>"; };
		FA18D2DB25ACC13D004D0E67 /* PlayButton.swift */ = {isa = PBXFileReference; lastKnownFileType = sourcecode.swift; path = PlayButton.swift; sourceTree = "<group>"; };
		FA18D2DE25ACC26F004D0E67 /* AudioPlayer.swift */ = {isa = PBXFileReference; lastKnownFileType = sourcecode.swift; path = AudioPlayer.swift; sourceTree = "<group>"; };
		FA28617325ADEA72001D131F /* CustomSegmentedControl.swift */ = {isa = PBXFileReference; lastKnownFileType = sourcecode.swift; path = CustomSegmentedControl.swift; sourceTree = "<group>"; };
		FA28617625ADEF1B001D131F /* SongTableViewCell.swift */ = {isa = PBXFileReference; lastKnownFileType = sourcecode.swift; path = SongTableViewCell.swift; sourceTree = "<group>"; };
		FA28617725ADEF1B001D131F /* SongTableViewCell.xib */ = {isa = PBXFileReference; lastKnownFileType = file.xib; path = SongTableViewCell.xib; sourceTree = "<group>"; };
		FA4B803D25B1833800A9ED9F /* MiniPlayerViewController.swift */ = {isa = PBXFileReference; lastKnownFileType = sourcecode.swift; path = MiniPlayerViewController.swift; sourceTree = "<group>"; };
		FA69970725ACC9B3007FD9D2 /* YoutubeLoader.xcdatamodel */ = {isa = PBXFileReference; lastKnownFileType = wrapper.xcdatamodel; path = YoutubeLoader.xcdatamodel; sourceTree = "<group>"; };
		FA912A2625AB3292001936F1 /* Youtube Loader.app */ = {isa = PBXFileReference; explicitFileType = wrapper.application; includeInIndex = 0; path = "Youtube Loader.app"; sourceTree = BUILT_PRODUCTS_DIR; };
		FA912A2925AB3292001936F1 /* AppDelegate.swift */ = {isa = PBXFileReference; lastKnownFileType = sourcecode.swift; path = AppDelegate.swift; sourceTree = "<group>"; };
		FA912A2B25AB3292001936F1 /* SceneDelegate.swift */ = {isa = PBXFileReference; lastKnownFileType = sourcecode.swift; path = SceneDelegate.swift; sourceTree = "<group>"; };
		FA912A2D25AB3292001936F1 /* ViewController.swift */ = {isa = PBXFileReference; lastKnownFileType = sourcecode.swift; path = ViewController.swift; sourceTree = "<group>"; };
		FA912A3025AB3292001936F1 /* Base */ = {isa = PBXFileReference; lastKnownFileType = file.storyboard; name = Base; path = Base.lproj/Main.storyboard; sourceTree = "<group>"; };
		FA912A3225AB3295001936F1 /* Assets.xcassets */ = {isa = PBXFileReference; lastKnownFileType = folder.assetcatalog; path = Assets.xcassets; sourceTree = "<group>"; };
		FA912A3525AB3295001936F1 /* Base */ = {isa = PBXFileReference; lastKnownFileType = file.storyboard; name = Base; path = Base.lproj/LaunchScreen.storyboard; sourceTree = "<group>"; };
		FA912A3725AB3295001936F1 /* Info.plist */ = {isa = PBXFileReference; lastKnownFileType = text.plist.xml; path = Info.plist; sourceTree = "<group>"; };
		FAA6B8E825ADAD8800E3C4BF /* UIView+Extensions.swift */ = {isa = PBXFileReference; lastKnownFileType = sourcecode.swift; path = "UIView+Extensions.swift"; sourceTree = "<group>"; };
		FAA88C5425B3281700DBA1F5 /* AddSong.storyboard */ = {isa = PBXFileReference; lastKnownFileType = file.storyboard; path = AddSong.storyboard; sourceTree = "<group>"; };
		FABDBF9F25B193730039B4B3 /* Player.storyboard */ = {isa = PBXFileReference; lastKnownFileType = file.storyboard; path = Player.storyboard; sourceTree = "<group>"; };
/* End PBXFileReference section */

/* Begin PBXFrameworksBuildPhase section */
		FA912A2325AB3292001936F1 /* Frameworks */ = {
			isa = PBXFrameworksBuildPhase;
			buildActionMask = 2147483647;
			files = (
			);
			runOnlyForDeploymentPostprocessing = 0;
		};
/* End PBXFrameworksBuildPhase section */

/* Begin PBXGroup section */
		FA18D2E125ACC273004D0E67 /* Model */ = {
			isa = PBXGroup;
			children = (
				FA18D2DE25ACC26F004D0E67 /* AudioPlayer.swift */,
				FA69970625ACC9B3007FD9D2 /* YoutubeLoader.xcdatamodeld */,
			);
			path = Model;
			sourceTree = "<group>";
		};
		FA28617B25ADEF1F001D131F /* SongTableViewCell */ = {
			isa = PBXGroup;
			children = (
				FA28617625ADEF1B001D131F /* SongTableViewCell.swift */,
				FA28617725ADEF1B001D131F /* SongTableViewCell.xib */,
			);
			path = SongTableViewCell;
			sourceTree = "<group>";
		};
		FA2CF88F25B1CF2E00A78BB1 /* Storyboards */ = {
			isa = PBXGroup;
			children = (
				FA912A3425AB3295001936F1 /* LaunchScreen.storyboard */,
				FA912A2F25AB3292001936F1 /* Main.storyboard */,
				FABDBF9F25B193730039B4B3 /* Player.storyboard */,
				FAA88C5425B3281700DBA1F5 /* AddSong.storyboard */,
			);
			path = Storyboards;
			sourceTree = "<group>";
		};
		FA912A1D25AB3292001936F1 = {
			isa = PBXGroup;
			children = (
				FA912A2825AB3292001936F1 /* Youtube Loader */,
				FA912A2725AB3292001936F1 /* Products */,
			);
			sourceTree = "<group>";
		};
		FA912A2725AB3292001936F1 /* Products */ = {
			isa = PBXGroup;
			children = (
				FA912A2625AB3292001936F1 /* Youtube Loader.app */,
			);
			name = Products;
			sourceTree = "<group>";
		};
		FA912A2825AB3292001936F1 /* Youtube Loader */ = {
			isa = PBXGroup;
			children = (
				FA912A4125AB349C001936F1 /* AppDelegate */,
				FAA6B8EB25ADADA900E3C4BF /* Extensions */,
				FA18D2E125ACC273004D0E67 /* Model */,
				FA912A3E25AB348E001936F1 /* Supporting Files */,
				FA912A4025AB3498001936F1 /* ViewControllers */,
				FA912A3F25AB3494001936F1 /* Views */,
			);
			path = "Youtube Loader";
			sourceTree = "<group>";
		};
		FA912A3E25AB348E001936F1 /* Supporting Files */ = {
			isa = PBXGroup;
			children = (
				FA912A3225AB3295001936F1 /* Assets.xcassets */,
				FA912A3725AB3295001936F1 /* Info.plist */,
			);
			path = "Supporting Files";
			sourceTree = "<group>";
		};
		FA912A3F25AB3494001936F1 /* Views */ = {
			isa = PBXGroup;
			children = (
				FA28617325ADEA72001D131F /* CustomSegmentedControl.swift */,
				FA18D2DB25ACC13D004D0E67 /* PlayButton.swift */,
				FA18D2D425AC5B40004D0E67 /* TimelineView.swift */,
				FA28617B25ADEF1F001D131F /* SongTableViewCell */,
				FA2CF88F25B1CF2E00A78BB1 /* Storyboards */,
			);
			path = Views;
			sourceTree = "<group>";
		};
		FA912A4025AB3498001936F1 /* ViewControllers */ = {
			isa = PBXGroup;
			children = (
				FA912A2D25AB3292001936F1 /* ViewController.swift */,
				FA18D2D125AC564C004D0E67 /* PlayerViewController.swift */,
				FA4B803D25B1833800A9ED9F /* MiniPlayerViewController.swift */,
			);
			path = ViewControllers;
			sourceTree = "<group>";
		};
		FA912A4125AB349C001936F1 /* AppDelegate */ = {
			isa = PBXGroup;
			children = (
				FA912A2925AB3292001936F1 /* AppDelegate.swift */,
				FA912A2B25AB3292001936F1 /* SceneDelegate.swift */,
			);
			path = AppDelegate;
			sourceTree = "<group>";
		};
		FAA6B8EB25ADADA900E3C4BF /* Extensions */ = {
			isa = PBXGroup;
			children = (
				FAA6B8E825ADAD8800E3C4BF /* UIView+Extensions.swift */,
			);
			path = Extensions;
			sourceTree = "<group>";
		};
/* End PBXGroup section */

/* Begin PBXNativeTarget section */
		FA912A2525AB3292001936F1 /* Youtube Loader */ = {
			isa = PBXNativeTarget;
			buildConfigurationList = FA912A3A25AB3295001936F1 /* Build configuration list for PBXNativeTarget "Youtube Loader" */;
			buildPhases = (
				FA912A2225AB3292001936F1 /* Sources */,
				FA912A2325AB3292001936F1 /* Frameworks */,
				FA912A2425AB3292001936F1 /* Resources */,
			);
			buildRules = (
			);
			dependencies = (
			);
			name = "Youtube Loader";
			packageProductDependencies = (
			);
			productName = "Youtube Loader";
			productReference = FA912A2625AB3292001936F1 /* Youtube Loader.app */;
			productType = "com.apple.product-type.application";
		};
/* End PBXNativeTarget section */

/* Begin PBXProject section */
		FA912A1E25AB3292001936F1 /* Project object */ = {
			isa = PBXProject;
			attributes = {
				LastSwiftUpdateCheck = 1220;
				LastUpgradeCheck = 1220;
				TargetAttributes = {
					FA912A2525AB3292001936F1 = {
						CreatedOnToolsVersion = 12.2;
					};
				};
			};
			buildConfigurationList = FA912A2125AB3292001936F1 /* Build configuration list for PBXProject "Youtube Loader" */;
			compatibilityVersion = "Xcode 9.3";
			developmentRegion = en;
			hasScannedForEncodings = 0;
			knownRegions = (
				en,
				Base,
			);
			mainGroup = FA912A1D25AB3292001936F1;
			packageReferences = (
			);
			productRefGroup = FA912A2725AB3292001936F1 /* Products */;
			projectDirPath = "";
			projectRoot = "";
			targets = (
				FA912A2525AB3292001936F1 /* Youtube Loader */,
			);
		};
/* End PBXProject section */

/* Begin PBXResourcesBuildPhase section */
		FA912A2425AB3292001936F1 /* Resources */ = {
			isa = PBXResourcesBuildPhase;
			buildActionMask = 2147483647;
			files = (
				FA28617925ADEF1B001D131F /* SongTableViewCell.xib in Resources */,
				FA912A3625AB3295001936F1 /* LaunchScreen.storyboard in Resources */,
				FABDBFA025B193730039B4B3 /* Player.storyboard in Resources */,
				FA912A3325AB3295001936F1 /* Assets.xcassets in Resources */,
				FA912A3125AB3292001936F1 /* Main.storyboard in Resources */,
				FAA88C5525B3281800DBA1F5 /* AddSong.storyboard in Resources */,
			);
			runOnlyForDeploymentPostprocessing = 0;
		};
/* End PBXResourcesBuildPhase section */

/* Begin PBXSourcesBuildPhase section */
		FA912A2225AB3292001936F1 /* Sources */ = {
			isa = PBXSourcesBuildPhase;
			buildActionMask = 2147483647;
			files = (
				FA912A2E25AB3292001936F1 /* ViewController.swift in Sources */,
				FA18D2D225AC564C004D0E67 /* PlayerViewController.swift in Sources */,
				FA18D2DC25ACC13D004D0E67 /* PlayButton.swift in Sources */,
				FA28617825ADEF1B001D131F /* SongTableViewCell.swift in Sources */,
				FA4B803E25B1833800A9ED9F /* MiniPlayerViewController.swift in Sources */,
				FA28617425ADEA72001D131F /* CustomSegmentedControl.swift in Sources */,
				FAA6B8E925ADAD8800E3C4BF /* UIView+Extensions.swift in Sources */,
				FA912A2A25AB3292001936F1 /* AppDelegate.swift in Sources */,
				FA18D2D525AC5B40004D0E67 /* TimelineView.swift in Sources */,
				FA912A2C25AB3292001936F1 /* SceneDelegate.swift in Sources */,
				FA69970825ACC9B3007FD9D2 /* YoutubeLoader.xcdatamodeld in Sources */,
				FA18D2DF25ACC26F004D0E67 /* AudioPlayer.swift in Sources */,
			);
			runOnlyForDeploymentPostprocessing = 0;
		};
/* End PBXSourcesBuildPhase section */

/* Begin PBXVariantGroup section */
		FA912A2F25AB3292001936F1 /* Main.storyboard */ = {
			isa = PBXVariantGroup;
			children = (
				FA912A3025AB3292001936F1 /* Base */,
			);
			name = Main.storyboard;
			sourceTree = "<group>";
		};
		FA912A3425AB3295001936F1 /* LaunchScreen.storyboard */ = {
			isa = PBXVariantGroup;
			children = (
				FA912A3525AB3295001936F1 /* Base */,
			);
			name = LaunchScreen.storyboard;
			sourceTree = "<group>";
		};
/* End PBXVariantGroup section */

/* Begin XCBuildConfiguration section */
		FA912A3825AB3295001936F1 /* Debug */ = {
			isa = XCBuildConfiguration;
			buildSettings = {
				ALWAYS_SEARCH_USER_PATHS = NO;
				CLANG_ANALYZER_NONNULL = YES;
				CLANG_ANALYZER_NUMBER_OBJECT_CONVERSION = YES_AGGRESSIVE;
				CLANG_CXX_LANGUAGE_STANDARD = "gnu++14";
				CLANG_CXX_LIBRARY = "libc++";
				CLANG_ENABLE_MODULES = YES;
				CLANG_ENABLE_OBJC_ARC = YES;
				CLANG_ENABLE_OBJC_WEAK = YES;
				CLANG_WARN_BLOCK_CAPTURE_AUTORELEASING = YES;
				CLANG_WARN_BOOL_CONVERSION = YES;
				CLANG_WARN_COMMA = YES;
				CLANG_WARN_CONSTANT_CONVERSION = YES;
				CLANG_WARN_DEPRECATED_OBJC_IMPLEMENTATIONS = YES;
				CLANG_WARN_DIRECT_OBJC_ISA_USAGE = YES_ERROR;
				CLANG_WARN_DOCUMENTATION_COMMENTS = YES;
				CLANG_WARN_EMPTY_BODY = YES;
				CLANG_WARN_ENUM_CONVERSION = YES;
				CLANG_WARN_INFINITE_RECURSION = YES;
				CLANG_WARN_INT_CONVERSION = YES;
				CLANG_WARN_NON_LITERAL_NULL_CONVERSION = YES;
				CLANG_WARN_OBJC_IMPLICIT_RETAIN_SELF = YES;
				CLANG_WARN_OBJC_LITERAL_CONVERSION = YES;
				CLANG_WARN_OBJC_ROOT_CLASS = YES_ERROR;
				CLANG_WARN_QUOTED_INCLUDE_IN_FRAMEWORK_HEADER = YES;
				CLANG_WARN_RANGE_LOOP_ANALYSIS = YES;
				CLANG_WARN_STRICT_PROTOTYPES = YES;
				CLANG_WARN_SUSPICIOUS_MOVE = YES;
				CLANG_WARN_UNGUARDED_AVAILABILITY = YES_AGGRESSIVE;
				CLANG_WARN_UNREACHABLE_CODE = YES;
				CLANG_WARN__DUPLICATE_METHOD_MATCH = YES;
				COPY_PHASE_STRIP = NO;
				DEBUG_INFORMATION_FORMAT = dwarf;
				ENABLE_STRICT_OBJC_MSGSEND = YES;
				ENABLE_TESTABILITY = YES;
				GCC_C_LANGUAGE_STANDARD = gnu11;
				GCC_DYNAMIC_NO_PIC = NO;
				GCC_NO_COMMON_BLOCKS = YES;
				GCC_OPTIMIZATION_LEVEL = 0;
				GCC_PREPROCESSOR_DEFINITIONS = (
					"DEBUG=1",
					"$(inherited)",
				);
				GCC_WARN_64_TO_32_BIT_CONVERSION = YES;
				GCC_WARN_ABOUT_RETURN_TYPE = YES_ERROR;
				GCC_WARN_UNDECLARED_SELECTOR = YES;
				GCC_WARN_UNINITIALIZED_AUTOS = YES_AGGRESSIVE;
				GCC_WARN_UNUSED_FUNCTION = YES;
				GCC_WARN_UNUSED_VARIABLE = YES;
				IPHONEOS_DEPLOYMENT_TARGET = 14.2;
				MTL_ENABLE_DEBUG_INFO = INCLUDE_SOURCE;
				MTL_FAST_MATH = YES;
				ONLY_ACTIVE_ARCH = YES;
				SDKROOT = iphoneos;
				SWIFT_ACTIVE_COMPILATION_CONDITIONS = DEBUG;
				SWIFT_OPTIMIZATION_LEVEL = "-Onone";
			};
			name = Debug;
		};
		FA912A3925AB3295001936F1 /* Release */ = {
			isa = XCBuildConfiguration;
			buildSettings = {
				ALWAYS_SEARCH_USER_PATHS = NO;
				CLANG_ANALYZER_NONNULL = YES;
				CLANG_ANALYZER_NUMBER_OBJECT_CONVERSION = YES_AGGRESSIVE;
				CLANG_CXX_LANGUAGE_STANDARD = "gnu++14";
				CLANG_CXX_LIBRARY = "libc++";
				CLANG_ENABLE_MODULES = YES;
				CLANG_ENABLE_OBJC_ARC = YES;
				CLANG_ENABLE_OBJC_WEAK = YES;
				CLANG_WARN_BLOCK_CAPTURE_AUTORELEASING = YES;
				CLANG_WARN_BOOL_CONVERSION = YES;
				CLANG_WARN_COMMA = YES;
				CLANG_WARN_CONSTANT_CONVERSION = YES;
				CLANG_WARN_DEPRECATED_OBJC_IMPLEMENTATIONS = YES;
				CLANG_WARN_DIRECT_OBJC_ISA_USAGE = YES_ERROR;
				CLANG_WARN_DOCUMENTATION_COMMENTS = YES;
				CLANG_WARN_EMPTY_BODY = YES;
				CLANG_WARN_ENUM_CONVERSION = YES;
				CLANG_WARN_INFINITE_RECURSION = YES;
				CLANG_WARN_INT_CONVERSION = YES;
				CLANG_WARN_NON_LITERAL_NULL_CONVERSION = YES;
				CLANG_WARN_OBJC_IMPLICIT_RETAIN_SELF = YES;
				CLANG_WARN_OBJC_LITERAL_CONVERSION = YES;
				CLANG_WARN_OBJC_ROOT_CLASS = YES_ERROR;
				CLANG_WARN_QUOTED_INCLUDE_IN_FRAMEWORK_HEADER = YES;
				CLANG_WARN_RANGE_LOOP_ANALYSIS = YES;
				CLANG_WARN_STRICT_PROTOTYPES = YES;
				CLANG_WARN_SUSPICIOUS_MOVE = YES;
				CLANG_WARN_UNGUARDED_AVAILABILITY = YES_AGGRESSIVE;
				CLANG_WARN_UNREACHABLE_CODE = YES;
				CLANG_WARN__DUPLICATE_METHOD_MATCH = YES;
				COPY_PHASE_STRIP = NO;
				DEBUG_INFORMATION_FORMAT = "dwarf-with-dsym";
				ENABLE_NS_ASSERTIONS = NO;
				ENABLE_STRICT_OBJC_MSGSEND = YES;
				GCC_C_LANGUAGE_STANDARD = gnu11;
				GCC_NO_COMMON_BLOCKS = YES;
				GCC_WARN_64_TO_32_BIT_CONVERSION = YES;
				GCC_WARN_ABOUT_RETURN_TYPE = YES_ERROR;
				GCC_WARN_UNDECLARED_SELECTOR = YES;
				GCC_WARN_UNINITIALIZED_AUTOS = YES_AGGRESSIVE;
				GCC_WARN_UNUSED_FUNCTION = YES;
				GCC_WARN_UNUSED_VARIABLE = YES;
				IPHONEOS_DEPLOYMENT_TARGET = 14.2;
				MTL_ENABLE_DEBUG_INFO = NO;
				MTL_FAST_MATH = YES;
				SDKROOT = iphoneos;
				SWIFT_COMPILATION_MODE = wholemodule;
				SWIFT_OPTIMIZATION_LEVEL = "-O";
				VALIDATE_PRODUCT = YES;
			};
			name = Release;
		};
		FA912A3B25AB3295001936F1 /* Debug */ = {
			isa = XCBuildConfiguration;
			buildSettings = {
				ASSETCATALOG_COMPILER_APPICON_NAME = AppIcon;
				ASSETCATALOG_COMPILER_GLOBAL_ACCENT_COLOR_NAME = AccentColor;
				CODE_SIGN_STYLE = Automatic;
				INFOPLIST_FILE = "Youtube Loader/Supporting Files/Info.plist";
				LD_RUNPATH_SEARCH_PATHS = (
					"$(inherited)",
					"@executable_path/Frameworks",
				);
				PRODUCT_BUNDLE_IDENTIFIER = "ilya.isempty.Youtube-Loader";
				PRODUCT_NAME = "$(TARGET_NAME)";
				SWIFT_VERSION = 5.0;
				TARGETED_DEVICE_FAMILY = "1,2";
			};
			name = Debug;
		};
		FA912A3C25AB3295001936F1 /* Release */ = {
			isa = XCBuildConfiguration;
			buildSettings = {
				ASSETCATALOG_COMPILER_APPICON_NAME = AppIcon;
				ASSETCATALOG_COMPILER_GLOBAL_ACCENT_COLOR_NAME = AccentColor;
				CODE_SIGN_STYLE = Automatic;
				INFOPLIST_FILE = "Youtube Loader/Supporting Files/Info.plist";
				LD_RUNPATH_SEARCH_PATHS = (
					"$(inherited)",
					"@executable_path/Frameworks",
				);
				PRODUCT_BUNDLE_IDENTIFIER = "ilya.isempty.Youtube-Loader";
				PRODUCT_NAME = "$(TARGET_NAME)";
				SWIFT_VERSION = 5.0;
				TARGETED_DEVICE_FAMILY = "1,2";
			};
			name = Release;
		};
/* End XCBuildConfiguration section */

/* Begin XCConfigurationList section */
		FA912A2125AB3292001936F1 /* Build configuration list for PBXProject "Youtube Loader" */ = {
			isa = XCConfigurationList;
			buildConfigurations = (
				FA912A3825AB3295001936F1 /* Debug */,
				FA912A3925AB3295001936F1 /* Release */,
			);
			defaultConfigurationIsVisible = 0;
			defaultConfigurationName = Release;
		};
		FA912A3A25AB3295001936F1 /* Build configuration list for PBXNativeTarget "Youtube Loader" */ = {
			isa = XCConfigurationList;
			buildConfigurations = (
				FA912A3B25AB3295001936F1 /* Debug */,
				FA912A3C25AB3295001936F1 /* Release */,
			);
			defaultConfigurationIsVisible = 0;
			defaultConfigurationName = Release;
		};
/* End XCConfigurationList section */

/* Begin XCVersionGroup section */
		FA69970625ACC9B3007FD9D2 /* YoutubeLoader.xcdatamodeld */ = {
			isa = XCVersionGroup;
			children = (
				FA69970725ACC9B3007FD9D2 /* YoutubeLoader.xcdatamodel */,
			);
			currentVersion = FA69970725ACC9B3007FD9D2 /* YoutubeLoader.xcdatamodel */;
			path = YoutubeLoader.xcdatamodeld;
			sourceTree = "<group>";
			versionGroupType = wrapper.xcdatamodel;
		};
/* End XCVersionGroup section */
	};
	rootObject = FA912A1E25AB3292001936F1 /* Project object */;
}
